// !$*UTF8*$!
{
	archiveVersion = 1;
	classes = {
	};
	objectVersion = 50;
	objects = {

/* Begin PBXBuildFile section */
		4937827E234F9E5300B4C114 /* AppDelegate.swift in Sources */ = {isa = PBXBuildFile; fileRef = 4937827D234F9E5300B4C114 /* AppDelegate.swift */; };
		49378280234F9E5300B4C114 /* ViewController.swift in Sources */ = {isa = PBXBuildFile; fileRef = 4937827F234F9E5300B4C114 /* ViewController.swift */; };
		49378283234F9E5300B4C114 /* Main.storyboard in Resources */ = {isa = PBXBuildFile; fileRef = 49378281234F9E5300B4C114 /* Main.storyboard */; };
		49378285234F9E5400B4C114 /* Assets.xcassets in Resources */ = {isa = PBXBuildFile; fileRef = 49378284234F9E5400B4C114 /* Assets.xcassets */; };
		49378288234F9E5400B4C114 /* LaunchScreen.storyboard in Resources */ = {isa = PBXBuildFile; fileRef = 49378286234F9E5400B4C114 /* LaunchScreen.storyboard */; };
		49378293234F9E5400B4C114 /* DrawRouteOnMapKitTests.swift in Sources */ = {isa = PBXBuildFile; fileRef = 49378292234F9E5400B4C114 /* DrawRouteOnMapKitTests.swift */; };
		4937829E234F9E5400B4C114 /* DrawRouteOnMapKitUITests.swift in Sources */ = {isa = PBXBuildFile; fileRef = 4937829D234F9E5400B4C114 /* DrawRouteOnMapKitUITests.swift */; };
/* End PBXBuildFile section */

/* Begin PBXContainerItemProxy section */
		4937828F234F9E5400B4C114 /* PBXContainerItemProxy */ = {
			isa = PBXContainerItemProxy;
			containerPortal = 49378272234F9E5300B4C114 /* Project object */;
			proxyType = 1;
			remoteGlobalIDString = 49378279234F9E5300B4C114;
			remoteInfo = DrawRouteOnMapKit;
		};
		4937829A234F9E5400B4C114 /* PBXContainerItemProxy */ = {
			isa = PBXContainerItemProxy;
			containerPortal = 49378272234F9E5300B4C114 /* Project object */;
			proxyType = 1;
			remoteGlobalIDString = 49378279234F9E5300B4C114;
			remoteInfo = DrawRouteOnMapKit;
		};
/* End PBXContainerItemProxy section */

/* Begin PBXFileReference section */
		4937827A234F9E5300B4C114 /* DrawRouteOnMapKit.app */ = {isa = PBXFileReference; explicitFileType = wrapper.application; includeInIndex = 0; path = DrawRouteOnMapKit.app; sourceTree = BUILT_PRODUCTS_DIR; };
		4937827D234F9E5300B4C114 /* AppDelegate.swift */ = {isa = PBXFileReference; lastKnownFileType = sourcecode.swift; path = AppDelegate.swift; sourceTree = "<group>"; };
		4937827F234F9E5300B4C114 /* ViewController.swift */ = {isa = PBXFileReference; lastKnownFileType = sourcecode.swift; path = ViewController.swift; sourceTree = "<group>"; };
		49378282234F9E5300B4C114 /* Base */ = {isa = PBXFileReference; lastKnownFileType = file.storyboard; name = Base; path = Base.lproj/Main.storyboard; sourceTree = "<group>"; };
		49378284234F9E5400B4C114 /* Assets.xcassets */ = {isa = PBXFileReference; lastKnownFileType = folder.assetcatalog; path = Assets.xcassets; sourceTree = "<group>"; };
		49378287234F9E5400B4C114 /* Base */ = {isa = PBXFileReference; lastKnownFileType = file.storyboard; name = Base; path = Base.lproj/LaunchScreen.storyboard; sourceTree = "<group>"; };
		49378289234F9E5400B4C114 /* Info.plist */ = {isa = PBXFileReference; lastKnownFileType = text.plist.xml; path = Info.plist; sourceTree = "<group>"; };
		4937828E234F9E5400B4C114 /* DrawRouteOnMapKitTests.xctest */ = {isa = PBXFileReference; explicitFileType = wrapper.cfbundle; includeInIndex = 0; path = DrawRouteOnMapKitTests.xctest; sourceTree = BUILT_PRODUCTS_DIR; };
		49378292234F9E5400B4C114 /* DrawRouteOnMapKitTests.swift */ = {isa = PBXFileReference; lastKnownFileType = sourcecode.swift; path = DrawRouteOnMapKitTests.swift; sourceTree = "<group>"; };
		49378294234F9E5400B4C114 /* Info.plist */ = {isa = PBXFileReference; lastKnownFileType = text.plist.xml; path = Info.plist; sourceTree = "<group>"; };
		49378299234F9E5400B4C114 /* DrawRouteOnMapKitUITests.xctest */ = {isa = PBXFileReference; explicitFileType = wrapper.cfbundle; includeInIndex = 0; path = DrawRouteOnMapKitUITests.xctest; sourceTree = BUILT_PRODUCTS_DIR; };
		4937829D234F9E5400B4C114 /* DrawRouteOnMapKitUITests.swift */ = {isa = PBXFileReference; lastKnownFileType = sourcecode.swift; path = DrawRouteOnMapKitUITests.swift; sourceTree = "<group>"; };
		4937829F234F9E5400B4C114 /* Info.plist */ = {isa = PBXFileReference; lastKnownFileType = text.plist.xml; path = Info.plist; sourceTree = "<group>"; };
/* End PBXFileReference section */

/* Begin PBXFrameworksBuildPhase section */
		49378277234F9E5300B4C114 /* Frameworks */ = {
			isa = PBXFrameworksBuildPhase;
			buildActionMask = 2147483647;
			files = (
			);
			runOnlyForDeploymentPostprocessing = 0;
		};
		4937828B234F9E5400B4C114 /* Frameworks */ = {
			isa = PBXFrameworksBuildPhase;
			buildActionMask = 2147483647;
			files = (
			);
			runOnlyForDeploymentPostprocessing = 0;
		};
		49378296234F9E5400B4C114 /* Frameworks */ = {
			isa = PBXFrameworksBuildPhase;
			buildActionMask = 2147483647;
			files = (
			);
			runOnlyForDeploymentPostprocessing = 0;
		};
/* End PBXFrameworksBuildPhase section */

/* Begin PBXGroup section */
		49378271234F9E5300B4C114 = {
			isa = PBXGroup;
			children = (
				4937827C234F9E5300B4C114 /* DrawRouteOnMapKit */,
				49378291234F9E5400B4C114 /* DrawRouteOnMapKitTests */,
				4937829C234F9E5400B4C114 /* DrawRouteOnMapKitUITests */,
				4937827B234F9E5300B4C114 /* Products */,
			);
			sourceTree = "<group>";
		};
		4937827B234F9E5300B4C114 /* Products */ = {
			isa = PBXGroup;
			children = (
				4937827A234F9E5300B4C114 /* DrawRouteOnMapKit.app */,
				4937828E234F9E5400B4C114 /* DrawRouteOnMapKitTests.xctest */,
				49378299234F9E5400B4C114 /* DrawRouteOnMapKitUITests.xctest */,
			);
			name = Products;
			sourceTree = "<group>";
		};
		4937827C234F9E5300B4C114 /* DrawRouteOnMapKit */ = {
			isa = PBXGroup;
			children = (
				4937827D234F9E5300B4C114 /* AppDelegate.swift */,
				4937827F234F9E5300B4C114 /* ViewController.swift */,
				49378281234F9E5300B4C114 /* Main.storyboard */,
				49378284234F9E5400B4C114 /* Assets.xcassets */,
				49378286234F9E5400B4C114 /* LaunchScreen.storyboard */,
				49378289234F9E5400B4C114 /* Info.plist */,
			);
			path = DrawRouteOnMapKit;
			sourceTree = "<group>";
		};
		49378291234F9E5400B4C114 /* DrawRouteOnMapKitTests */ = {
			isa = PBXGroup;
			children = (
				49378292234F9E5400B4C114 /* DrawRouteOnMapKitTests.swift */,
				49378294234F9E5400B4C114 /* Info.plist */,
			);
			path = DrawRouteOnMapKitTests;
			sourceTree = "<group>";
		};
		4937829C234F9E5400B4C114 /* DrawRouteOnMapKitUITests */ = {
			isa = PBXGroup;
			children = (
				4937829D234F9E5400B4C114 /* DrawRouteOnMapKitUITests.swift */,
				4937829F234F9E5400B4C114 /* Info.plist */,
			);
			path = DrawRouteOnMapKitUITests;
			sourceTree = "<group>";
		};
/* End PBXGroup section */

/* Begin PBXNativeTarget section */
		49378279234F9E5300B4C114 /* DrawRouteOnMapKit */ = {
			isa = PBXNativeTarget;
			buildConfigurationList = 493782A2234F9E5400B4C114 /* Build configuration list for PBXNativeTarget "DrawRouteOnMapKit" */;
			buildPhases = (
				49378276234F9E5300B4C114 /* Sources */,
				49378277234F9E5300B4C114 /* Frameworks */,
				49378278234F9E5300B4C114 /* Resources */,
			);
			buildRules = (
			);
			dependencies = (
			);
			name = DrawRouteOnMapKit;
			productName = DrawRouteOnMapKit;
			productReference = 4937827A234F9E5300B4C114 /* DrawRouteOnMapKit.app */;
			productType = "com.apple.product-type.application";
		};
		4937828D234F9E5400B4C114 /* DrawRouteOnMapKitTests */ = {
			isa = PBXNativeTarget;
			buildConfigurationList = 493782A5234F9E5400B4C114 /* Build configuration list for PBXNativeTarget "DrawRouteOnMapKitTests" */;
			buildPhases = (
				4937828A234F9E5400B4C114 /* Sources */,
				4937828B234F9E5400B4C114 /* Frameworks */,
				4937828C234F9E5400B4C114 /* Resources */,
			);
			buildRules = (
			);
			dependencies = (
				49378290234F9E5400B4C114 /* PBXTargetDependency */,
			);
			name = DrawRouteOnMapKitTests;
			productName = DrawRouteOnMapKitTests;
			productReference = 4937828E234F9E5400B4C114 /* DrawRouteOnMapKitTests.xctest */;
			productType = "com.apple.product-type.bundle.unit-test";
		};
		49378298234F9E5400B4C114 /* DrawRouteOnMapKitUITests */ = {
			isa = PBXNativeTarget;
			buildConfigurationList = 493782A8234F9E5400B4C114 /* Build configuration list for PBXNativeTarget "DrawRouteOnMapKitUITests" */;
			buildPhases = (
				49378295234F9E5400B4C114 /* Sources */,
				49378296234F9E5400B4C114 /* Frameworks */,
				49378297234F9E5400B4C114 /* Resources */,
			);
			buildRules = (
			);
			dependencies = (
				4937829B234F9E5400B4C114 /* PBXTargetDependency */,
			);
			name = DrawRouteOnMapKitUITests;
			productName = DrawRouteOnMapKitUITests;
			productReference = 49378299234F9E5400B4C114 /* DrawRouteOnMapKitUITests.xctest */;
			productType = "com.apple.product-type.bundle.ui-testing";
		};
/* End PBXNativeTarget section */

/* Begin PBXProject section */
		49378272234F9E5300B4C114 /* Project object */ = {
			isa = PBXProject;
			attributes = {
				LastSwiftUpdateCheck = 1030;
				LastUpgradeCheck = 1030;
				ORGANIZATIONNAME = jabeed;
				TargetAttributes = {
					49378279234F9E5300B4C114 = {
						CreatedOnToolsVersion = 10.3;
					};
					4937828D234F9E5400B4C114 = {
						CreatedOnToolsVersion = 10.3;
						TestTargetID = 49378279234F9E5300B4C114;
					};
					49378298234F9E5400B4C114 = {
						CreatedOnToolsVersion = 10.3;
						TestTargetID = 49378279234F9E5300B4C114;
					};
				};
			};
			buildConfigurationList = 49378275234F9E5300B4C114 /* Build configuration list for PBXProject "DrawRouteOnMapKit" */;
			compatibilityVersion = "Xcode 9.3";
			developmentRegion = en;
			hasScannedForEncodings = 0;
			knownRegions = (
				en,
				Base,
			);
			mainGroup = 49378271234F9E5300B4C114;
			productRefGroup = 4937827B234F9E5300B4C114 /* Products */;
			projectDirPath = "";
			projectRoot = "";
			targets = (
				49378279234F9E5300B4C114 /* DrawRouteOnMapKit */,
				4937828D234F9E5400B4C114 /* DrawRouteOnMapKitTests */,
				49378298234F9E5400B4C114 /* DrawRouteOnMapKitUITests */,
			);
		};
/* End PBXProject section */

/* Begin PBXResourcesBuildPhase section */
		49378278234F9E5300B4C114 /* Resources */ = {
			isa = PBXResourcesBuildPhase;
			buildActionMask = 2147483647;
			files = (
				49378288234F9E5400B4C114 /* LaunchScreen.storyboard in Resources */,
				49378285234F9E5400B4C114 /* Assets.xcassets in Resources */,
				49378283234F9E5300B4C114 /* Main.storyboard in Resources */,
			);
			runOnlyForDeploymentPostprocessing = 0;
		};
		4937828C234F9E5400B4C114 /* Resources */ = {
			isa = PBXResourcesBuildPhase;
			buildActionMask = 2147483647;
			files = (
			);
			runOnlyForDeploymentPostprocessing = 0;
		};
		49378297234F9E5400B4C114 /* Resources */ = {
			isa = PBXResourcesBuildPhase;
			buildActionMask = 2147483647;
			files = (
			);
			runOnlyForDeploymentPostprocessing = 0;
		};
/* End PBXResourcesBuildPhase section */

/* Begin PBXSourcesBuildPhase section */
		49378276234F9E5300B4C114 /* Sources */ = {
			isa = PBXSourcesBuildPhase;
			buildActionMask = 2147483647;
			files = (
				49378280234F9E5300B4C114 /* ViewController.swift in Sources */,
				4937827E234F9E5300B4C114 /* AppDelegate.swift in Sources */,
			);
			runOnlyForDeploymentPostprocessing = 0;
		};
		4937828A234F9E5400B4C114 /* Sources */ = {
			isa = PBXSourcesBuildPhase;
			buildActionMask = 2147483647;
			files = (
				49378293234F9E5400B4C114 /* DrawRouteOnMapKitTests.swift in Sources */,
			);
			runOnlyForDeploymentPostprocessing = 0;
		};
		49378295234F9E5400B4C114 /* Sources */ = {
			isa = PBXSourcesBuildPhase;
			buildActionMask = 2147483647;
			files = (
				4937829E234F9E5400B4C114 /* DrawRouteOnMapKitUITests.swift in Sources */,
			);
			runOnlyForDeploymentPostprocessing = 0;
		};
/* End PBXSourcesBuildPhase section */

/* Begin PBXTargetDependency section */
		49378290234F9E5400B4C114 /* PBXTargetDependency */ = {
			isa = PBXTargetDependency;
			target = 49378279234F9E5300B4C114 /* DrawRouteOnMapKit */;
			targetProxy = 4937828F234F9E5400B4C114 /* PBXContainerItemProxy */;
		};
		4937829B234F9E5400B4C114 /* PBXTargetDependency */ = {
			isa = PBXTargetDependency;
			target = 49378279234F9E5300B4C114 /* DrawRouteOnMapKit */;
			targetProxy = 4937829A234F9E5400B4C114 /* PBXContainerItemProxy */;
		};
/* End PBXTargetDependency section */

/* Begin PBXVariantGroup section */
		49378281234F9E5300B4C114 /* Main.storyboard */ = {
			isa = PBXVariantGroup;
			children = (
				49378282234F9E5300B4C114 /* Base */,
			);
			name = Main.storyboard;
			sourceTree = "<group>";
		};
		49378286234F9E5400B4C114 /* LaunchScreen.storyboard */ = {
			isa = PBXVariantGroup;
			children = (
				49378287234F9E5400B4C114 /* Base */,
			);
			name = LaunchScreen.storyboard;
			sourceTree = "<group>";
		};
/* End PBXVariantGroup section */

/* Begin XCBuildConfiguration section */
		493782A0234F9E5400B4C114 /* Debug */ = {
			isa = XCBuildConfiguration;
			buildSettings = {
				ALWAYS_SEARCH_USER_PATHS = NO;
				CLANG_ANALYZER_NONNULL = YES;
				CLANG_ANALYZER_NUMBER_OBJECT_CONVERSION = YES_AGGRESSIVE;
				CLANG_CXX_LANGUAGE_STANDARD = "gnu++14";
				CLANG_CXX_LIBRARY = "libc++";
				CLANG_ENABLE_MODULES = YES;
				CLANG_ENABLE_OBJC_ARC = YES;
				CLANG_ENABLE_OBJC_WEAK = YES;
				CLANG_WARN_BLOCK_CAPTURE_AUTORELEASING = YES;
				CLANG_WARN_BOOL_CONVERSION = YES;
				CLANG_WARN_COMMA = YES;
				CLANG_WARN_CONSTANT_CONVERSION = YES;
				CLANG_WARN_DEPRECATED_OBJC_IMPLEMENTATIONS = YES;
				CLANG_WARN_DIRECT_OBJC_ISA_USAGE = YES_ERROR;
				CLANG_WARN_DOCUMENTATION_COMMENTS = YES;
				CLANG_WARN_EMPTY_BODY = YES;
				CLANG_WARN_ENUM_CONVERSION = YES;
				CLANG_WARN_INFINITE_RECURSION = YES;
				CLANG_WARN_INT_CONVERSION = YES;
				CLANG_WARN_NON_LITERAL_NULL_CONVERSION = YES;
				CLANG_WARN_OBJC_IMPLICIT_RETAIN_SELF = YES;
				CLANG_WARN_OBJC_LITERAL_CONVERSION = YES;
				CLANG_WARN_OBJC_ROOT_CLASS = YES_ERROR;
				CLANG_WARN_RANGE_LOOP_ANALYSIS = YES;
				CLANG_WARN_STRICT_PROTOTYPES = YES;
				CLANG_WARN_SUSPICIOUS_MOVE = YES;
				CLANG_WARN_UNGUARDED_AVAILABILITY = YES_AGGRESSIVE;
				CLANG_WARN_UNREACHABLE_CODE = YES;
				CLANG_WARN__DUPLICATE_METHOD_MATCH = YES;
				CODE_SIGN_IDENTITY = "iPhone Developer";
				COPY_PHASE_STRIP = NO;
				DEBUG_INFORMATION_FORMAT = dwarf;
				ENABLE_STRICT_OBJC_MSGSEND = YES;
				ENABLE_TESTABILITY = YES;
				GCC_C_LANGUAGE_STANDARD = gnu11;
				GCC_DYNAMIC_NO_PIC = NO;
				GCC_NO_COMMON_BLOCKS = YES;
				GCC_OPTIMIZATION_LEVEL = 0;
				GCC_PREPROCESSOR_DEFINITIONS = (
					"DEBUG=1",
					"$(inherited)",
				);
				GCC_WARN_64_TO_32_BIT_CONVERSION = YES;
				GCC_WARN_ABOUT_RETURN_TYPE = YES_ERROR;
				GCC_WARN_UNDECLARED_SELECTOR = YES;
				GCC_WARN_UNINITIALIZED_AUTOS = YES_AGGRESSIVE;
				GCC_WARN_UNUSED_FUNCTION = YES;
				GCC_WARN_UNUSED_VARIABLE = YES;
				IPHONEOS_DEPLOYMENT_TARGET = 12.4;
				MTL_ENABLE_DEBUG_INFO = INCLUDE_SOURCE;
				MTL_FAST_MATH = YES;
				ONLY_ACTIVE_ARCH = YES;
				SDKROOT = iphoneos;
				SWIFT_ACTIVE_COMPILATION_CONDITIONS = DEBUG;
				SWIFT_OPTIMIZATION_LEVEL = "-Onone";
			};
			name = Debug;
		};
		493782A1234F9E5400B4C114 /* Release */ = {
			isa = XCBuildConfiguration;
			buildSettings = {
				ALWAYS_SEARCH_USER_PATHS = NO;
				CLANG_ANALYZER_NONNULL = YES;
				CLANG_ANALYZER_NUMBER_OBJECT_CONVERSION = YES_AGGRESSIVE;
				CLANG_CXX_LANGUAGE_STANDARD = "gnu++14";
				CLANG_CXX_LIBRARY = "libc++";
				CLANG_ENABLE_MODULES = YES;
				CLANG_ENABLE_OBJC_ARC = YES;
				CLANG_ENABLE_OBJC_WEAK = YES;
				CLANG_WARN_BLOCK_CAPTURE_AUTORELEASING = YES;
				CLANG_WARN_BOOL_CONVERSION = YES;
				CLANG_WARN_COMMA = YES;
				CLANG_WARN_CONSTANT_CONVERSION = YES;
				CLANG_WARN_DEPRECATED_OBJC_IMPLEMENTATIONS = YES;
				CLANG_WARN_DIRECT_OBJC_ISA_USAGE = YES_ERROR;
				CLANG_WARN_DOCUMENTATION_COMMENTS = YES;
				CLANG_WARN_EMPTY_BODY = YES;
				CLANG_WARN_ENUM_CONVERSION = YES;
				CLANG_WARN_INFINITE_RECURSION = YES;
				CLANG_WARN_INT_CONVERSION = YES;
				CLANG_WARN_NON_LITERAL_NULL_CONVERSION = YES;
				CLANG_WARN_OBJC_IMPLICIT_RETAIN_SELF = YES;
				CLANG_WARN_OBJC_LITERAL_CONVERSION = YES;
				CLANG_WARN_OBJC_ROOT_CLASS = YES_ERROR;
				CLANG_WARN_RANGE_LOOP_ANALYSIS = YES;
				CLANG_WARN_STRICT_PROTOTYPES = YES;
				CLANG_WARN_SUSPICIOUS_MOVE = YES;
				CLANG_WARN_UNGUARDED_AVAILABILITY = YES_AGGRESSIVE;
				CLANG_WARN_UNREACHABLE_CODE = YES;
				CLANG_WARN__DUPLICATE_METHOD_MATCH = YES;
				CODE_SIGN_IDENTITY = "iPhone Developer";
				COPY_PHASE_STRIP = NO;
				DEBUG_INFORMATION_FORMAT = "dwarf-with-dsym";
				ENABLE_NS_ASSERTIONS = NO;
				ENABLE_STRICT_OBJC_MSGSEND = YES;
				GCC_C_LANGUAGE_STANDARD = gnu11;
				GCC_NO_COMMON_BLOCKS = YES;
				GCC_WARN_64_TO_32_BIT_CONVERSION = YES;
				GCC_WARN_ABOUT_RETURN_TYPE = YES_ERROR;
				GCC_WARN_UNDECLARED_SELECTOR = YES;
				GCC_WARN_UNINITIALIZED_AUTOS = YES_AGGRESSIVE;
				GCC_WARN_UNUSED_FUNCTION = YES;
				GCC_WARN_UNUSED_VARIABLE = YES;
				IPHONEOS_DEPLOYMENT_TARGET = 12.4;
				MTL_ENABLE_DEBUG_INFO = NO;
				MTL_FAST_MATH = YES;
				SDKROOT = iphoneos;
				SWIFT_COMPILATION_MODE = wholemodule;
				SWIFT_OPTIMIZATION_LEVEL = "-O";
				VALIDATE_PRODUCT = YES;
			};
			name = Release;
		};
		493782A3234F9E5400B4C114 /* Debug */ = {
			isa = XCBuildConfiguration;
			buildSettings = {
				ASSETCATALOG_COMPILER_APPICON_NAME = AppIcon;
				CODE_SIGN_STYLE = Automatic;
				DEVELOPMENT_TEAM = 86Z5FK7EMK;
				INFOPLIST_FILE = DrawRouteOnMapKit/Info.plist;
				LD_RUNPATH_SEARCH_PATHS = (
					"$(inherited)",
					"@executable_path/Frameworks",
				);
				PRODUCT_BUNDLE_IDENTIFIER = "com.papa.-.DrawRouteOnMapKit";
				PRODUCT_NAME = "$(TARGET_NAME)";
				SWIFT_VERSION = 5.0;
				TARGETED_DEVICE_FAMILY = "1,2";
			};
			name = Debug;
		};
		493782A4234F9E5400B4C114 /* Release */ = {
			isa = XCBuildConfiguration;
			buildSettings = {
				ASSETCATALOG_COMPILER_APPICON_NAME = AppIcon;
				CODE_SIGN_STYLE = Automatic;
				DEVELOPMENT_TEAM = 86Z5FK7EMK;
				INFOPLIST_FILE = DrawRouteOnMapKit/Info.plist;
				LD_RUNPATH_SEARCH_PATHS = (
					"$(inherited)",
					"@executable_path/Frameworks",
				);
				PRODUCT_BUNDLE_IDENTIFIER = "com.papa.-.DrawRouteOnMapKit";
				PRODUCT_NAME = "$(TARGET_NAME)";
				SWIFT_VERSION = 5.0;
				TARGETED_DEVICE_FAMILY = "1,2";
			};
			name = Release;
		};
		493782A6234F9E5400B4C114 /* Debug */ = {
			isa = XCBuildConfiguration;
			buildSettings = {
				ALWAYS_EMBED_SWIFT_STANDARD_LIBRARIES = YES;
				BUNDLE_LOADER = "$(TEST_HOST)";
				CODE_SIGN_STYLE = Automatic;
				INFOPLIST_FILE = DrawRouteOnMapKitTests/Info.plist;
				LD_RUNPATH_SEARCH_PATHS = (
					"$(inherited)",
					"@executable_path/Frameworks",
					"@loader_path/Frameworks",
				);
				PRODUCT_BUNDLE_IDENTIFIER = "com.papa.-.DrawRouteOnMapKitTests";
				PRODUCT_NAME = "$(TARGET_NAME)";
				SWIFT_VERSION = 5.0;
				TARGETED_DEVICE_FAMILY = "1,2";
				TEST_HOST = "$(BUILT_PRODUCTS_DIR)/DrawRouteOnMapKit.app/DrawRouteOnMapKit";
			};
			name = Debug;
		};
		493782A7234F9E5400B4C114 /* Release */ = {
			isa = XCBuildConfiguration;
			buildSettings = {
				ALWAYS_EMBED_SWIFT_STANDARD_LIBRARIES = YES;
				BUNDLE_LOADER = "$(TEST_HOST)";
				CODE_SIGN_STYLE = Automatic;
				INFOPLIST_FILE = DrawRouteOnMapKitTests/Info.plist;
				LD_RUNPATH_SEARCH_PATHS = (
					"$(inherited)",
					"@executable_path/Frameworks",
					"@loader_path/Frameworks",
				);
				PRODUCT_BUNDLE_IDENTIFIER = "com.papa.-.DrawRouteOnMapKitTests";
				PRODUCT_NAME = "$(TARGET_NAME)";
				SWIFT_VERSION = 5.0;
				TARGETED_DEVICE_FAMILY = "1,2";
				TEST_HOST = "$(BUILT_PRODUCTS_DIR)/DrawRouteOnMapKit.app/DrawRouteOnMapKit";
			};
			name = Release;
		};
		493782A9234F9E5400B4C114 /* Debug */ = {
			isa = XCBuildConfiguration;
			buildSettings = {
				ALWAYS_EMBED_SWIFT_STANDARD_LIBRARIES = YES;
				CODE_SIGN_STYLE = Automatic;
				INFOPLIST_FILE = DrawRouteOnMapKitUITests/Info.plist;
				LD_RUNPATH_SEARCH_PATHS = (
					"$(inherited)",
					"@executable_path/Frameworks",
					"@loader_path/Frameworks",
				);
				PRODUCT_BUNDLE_IDENTIFIER = "com.papa.-.DrawRouteOnMapKitUITests";
				PRODUCT_NAME = "$(TARGET_NAME)";
				SWIFT_VERSION = 5.0;
				TARGETED_DEVICE_FAMILY = "1,2";
				TEST_TARGET_NAME = DrawRouteOnMapKit;
			};
			name = Debug;
		};
		493782AA234F9E5400B4C114 /* Release */ = {
			isa = XCBuildConfiguration;
			buildSettings = {
				ALWAYS_EMBED_SWIFT_STANDARD_LIBRARIES = YES;
				CODE_SIGN_STYLE = Automatic;
				INFOPLIST_FILE = DrawRouteOnMapKitUITests/Info.plist;
				LD_RUNPATH_SEARCH_PATHS = (
					"$(inherited)",
					"@executable_path/Frameworks",
					"@loader_path/Frameworks",
				);
				PRODUCT_BUNDLE_IDENTIFIER = "com.papa.-.DrawRouteOnMapKitUITests";
				PRODUCT_NAME = "$(TARGET_NAME)";
				SWIFT_VERSION = 5.0;
				TARGETED_DEVICE_FAMILY = "1,2";
				TEST_TARGET_NAME = DrawRouteOnMapKit;
			};
			name = Release;
		};
/* End XCBuildConfiguration section */

/* Begin XCConfigurationList section */
		49378275234F9E5300B4C114 /* Build configuration list for PBXProject "DrawRouteOnMapKit" */ = {
			isa = XCConfigurationList;
			buildConfigurations = (
				493782A0234F9E5400B4C114 /* Debug */,
				493782A1234F9E5400B4C114 /* Release */,
			);
			defaultConfigurationIsVisible = 0;
			defaultConfigurationName = Release;
		};
		493782A2234F9E5400B4C114 /* Build configuration list for PBXNativeTarget "DrawRouteOnMapKit" */ = {
			isa = XCConfigurationList;
			buildConfigurations = (
				493782A3234F9E5400B4C114 /* Debug */,
				493782A4234F9E5400B4C114 /* Release */,
			);
			defaultConfigurationIsVisible = 0;
			defaultConfigurationName = Release;
		};
		493782A5234F9E5400B4C114 /* Build configuration list for PBXNativeTarget "DrawRouteOnMapKitTests" */ = {
			isa = XCConfigurationList;
			buildConfigurations = (
				493782A6234F9E5400B4C114 /* Debug */,
				493782A7234F9E5400B4C114 /* Release */,
			);
			defaultConfigurationIsVisible = 0;
			defaultConfigurationName = Release;
		};
		493782A8234F9E5400B4C114 /* Build configuration list for PBXNativeTarget "DrawRouteOnMapKitUITests" */ = {
			isa = XCConfigurationList;
			buildConfigurations = (
				493782A9234F9E5400B4C114 /* Debug */,
				493782AA234F9E5400B4C114 /* Release */,
			);
			defaultConfigurationIsVisible = 0;
			defaultConfigurationName = Release;
		};
/* End XCConfigurationList section */
	};
	rootObject = 49378272234F9E5300B4C114 /* Project object */;
}
